<Solution>
  <Folder Name="/Solution Items/">
    <File Path=".editorconfig" />
    <File Path="Directory.Build.props" />
    <File Path="Directory.Packages.props" />
  </Folder>
  <Folder Name="/src/">
    <Project Path="UserBehavior.Analytics.Api/UserBehavior.Analytics.Api.csproj" Id="f13296ad-4b4c-44cd-8b65-f69eb2db452f" />
  </Folder>
  <Project Path="docker-compose.dcproj">
    <Build />
  </Project>
</Solution>
